
Microsoft Visual Studio Solution File, Format Version 12.00
# Visual Studio Version 17
VisualStudioVersion = 17.5.002.0
MinimumVisualStudioVersion = 10.0.40219.1
Project("{9A19103F-16F7-4668-BE54-9A1E7A4F7556}") = "Parcels", "Parcels\Parcels.csproj", "{7D41DEA9-CE8D-4D7A-9364-E7A61456E607}"
EndProject
Global
	GlobalSection(SolutionConfigurationPlatforms) = preSolution
		Debug|Any CPU = Debug|Any CPU
		Release|Any CPU = Release|Any CPU
	EndGlobalSection
	GlobalSection(ProjectConfigurationPlatforms) = postSolution
		{7D41DEA9-CE8D-4D7A-9364-E7A61456E607}.Debug|Any CPU.ActiveCfg = Debug|Any CPU
		{7D41DEA9-CE8D-4D7A-9364-E7A61456E607}.Debug|Any CPU.Build.0 = Debug|Any CPU
		{7D41DEA9-CE8D-4D7A-9364-E7A61456E607}.Release|Any CPU.ActiveCfg = Release|Any CPU
		{7D41DEA9-CE8D-4D7A-9364-E7A61456E607}.Release|Any CPU.Build.0 = Release|Any CPU
	EndGlobalSection
	GlobalSection(SolutionProperties) = preSolution
		HideSolutionNode = FALSE
	EndGlobalSection
	GlobalSection(ExtensibilityGlobals) = postSolution
		SolutionGuid = {86C0B279-B59A-4A2E-96BB-1E84CA79B990}
	EndGlobalSection
EndGlobal
